// !$*UTF8*$!
{
	archiveVersion = 1;
	classes = {
	};
	objectVersion = 46;
	objects = {

/* Begin PBXBuildFile section */
		08BAB73D640A9733CA3C7E0D /* libPods-trafficPolice.a in Frameworks */ = {isa = PBXBuildFile; fileRef = 5315943D58AFCAE8E122A7A7 /* libPods-trafficPolice.a */; };
		C72B56C91EC30BD6002523DE /* MainCellButton.m in Sources */ = {isa = PBXBuildFile; fileRef = C72B56C81EC30BD6002523DE /* MainCellButton.m */; };
		C7621D0C1EC413A300980058 /* NSObject+Swizzling.m in Sources */ = {isa = PBXBuildFile; fileRef = C7621D0B1EC413A300980058 /* NSObject+Swizzling.m */; };
		C7621D0F1EC4192C00980058 /* UIButton+NoRepeatClick.m in Sources */ = {isa = PBXBuildFile; fileRef = C7621D0E1EC4192C00980058 /* UIButton+NoRepeatClick.m */; };
		C7621D131EC43CD400980058 /* LRPageMenu.m in Sources */ = {isa = PBXBuildFile; fileRef = C7621D121EC43CD400980058 /* LRPageMenu.m */; };
		C7621D171EC43F0C00980058 /* ListBaseVC.m in Sources */ = {isa = PBXBuildFile; fileRef = C7621D151EC43F0C00980058 /* ListBaseVC.m */; };
		C7621D181EC43F0C00980058 /* ListBaseVC.xib in Resources */ = {isa = PBXBuildFile; fileRef = C7621D161EC43F0C00980058 /* ListBaseVC.xib */; };
		C7621D1B1EC44D2800980058 /* UINavigationBar+Awesome.m in Sources */ = {isa = PBXBuildFile; fileRef = C7621D1A1EC44D2800980058 /* UINavigationBar+Awesome.m */; };
		C78138AA1EC2C29300A124B7 /* ImagePlayerView.m in Sources */ = {isa = PBXBuildFile; fileRef = C78138A91EC2C29300A124B7 /* ImagePlayerView.m */; };
		C78138B01EC2E79E00A124B7 /* MainHomeCell.m in Sources */ = {isa = PBXBuildFile; fileRef = C78138AE1EC2E79E00A124B7 /* MainHomeCell.m */; };
		C78138B11EC2E79E00A124B7 /* MainHomeCell.xib in Resources */ = {isa = PBXBuildFile; fileRef = C78138AF1EC2E79E00A124B7 /* MainHomeCell.xib */; };
		C79C99421EC58A1F00258CF1 /* DisplayHelper.m in Sources */ = {isa = PBXBuildFile; fileRef = C79C99411EC58A1F00258CF1 /* DisplayHelper.m */; };
		C79C99481EC5959000258CF1 /* UserReusableView.m in Sources */ = {isa = PBXBuildFile; fileRef = C79C99461EC5959000258CF1 /* UserReusableView.m */; };
		C79C99491EC5959000258CF1 /* UserReusableView.xib in Resources */ = {isa = PBXBuildFile; fileRef = C79C99471EC5959000258CF1 /* UserReusableView.xib */; };
		C79C994D1EC595AE00258CF1 /* UserHomeCell.m in Sources */ = {isa = PBXBuildFile; fileRef = C79C994B1EC595AE00258CF1 /* UserHomeCell.m */; };
		C79C994E1EC595AE00258CF1 /* UserHomeCell.xib in Resources */ = {isa = PBXBuildFile; fileRef = C79C994C1EC595AE00258CF1 /* UserHomeCell.xib */; };
		C7D690981EC3038500E9A6B3 /* LRRippleButton.m in Sources */ = {isa = PBXBuildFile; fileRef = C7D690971EC3038500E9A6B3 /* LRRippleButton.m */; };
		C7E0DB891EC15DBA008ED063 /* main.m in Sources */ = {isa = PBXBuildFile; fileRef = C7E0DB881EC15DBA008ED063 /* main.m */; };
		C7E0DB8C1EC15DBA008ED063 /* AppDelegate.m in Sources */ = {isa = PBXBuildFile; fileRef = C7E0DB8B1EC15DBA008ED063 /* AppDelegate.m */; };
		C7E0DB941EC15DBA008ED063 /* Assets.xcassets in Resources */ = {isa = PBXBuildFile; fileRef = C7E0DB931EC15DBA008ED063 /* Assets.xcassets */; };
		C7E0DBF61EC1A1C9008ED063 /* AKTab.m in Sources */ = {isa = PBXBuildFile; fileRef = C7E0DBE41EC1A1C9008ED063 /* AKTab.m */; };
		C7E0DBF71EC1A1C9008ED063 /* AKTabBar.m in Sources */ = {isa = PBXBuildFile; fileRef = C7E0DBE61EC1A1C9008ED063 /* AKTabBar.m */; };
		C7E0DBF81EC1A1C9008ED063 /* AKTabBarController.bundle in Resources */ = {isa = PBXBuildFile; fileRef = C7E0DBE71EC1A1C9008ED063 /* AKTabBarController.bundle */; };
		C7E0DBF91EC1A1C9008ED063 /* AKTabBarController.m in Sources */ = {isa = PBXBuildFile; fileRef = C7E0DBE91EC1A1C9008ED063 /* AKTabBarController.m */; };
		C7E0DBFA1EC1A1C9008ED063 /* AKTabBarView.m in Sources */ = {isa = PBXBuildFile; fileRef = C7E0DBEB1EC1A1C9008ED063 /* AKTabBarView.m */; };
		C7E0DBFB1EC1A1C9008ED063 /* UINavigationController+AKTabBarController.m in Sources */ = {isa = PBXBuildFile; fileRef = C7E0DBED1EC1A1C9008ED063 /* UINavigationController+AKTabBarController.m */; };
		C7E0DBFC1EC1A1C9008ED063 /* UIViewController+AKTabBarController.m in Sources */ = {isa = PBXBuildFile; fileRef = C7E0DBEF1EC1A1C9008ED063 /* UIViewController+AKTabBarController.m */; };
		C7E0DC021EC1A5F8008ED063 /* BaseViewController.m in Sources */ = {isa = PBXBuildFile; fileRef = C7E0DC011EC1A5F8008ED063 /* BaseViewController.m */; };
		C7E0DC0C1EC1A65C008ED063 /* LoginHomeVC.m in Sources */ = {isa = PBXBuildFile; fileRef = C7E0DC0A1EC1A65C008ED063 /* LoginHomeVC.m */; };
		C7E0DC0D1EC1A65C008ED063 /* LoginHomeVC.xib in Resources */ = {isa = PBXBuildFile; fileRef = C7E0DC0B1EC1A65C008ED063 /* LoginHomeVC.xib */; };
		C7E0DC111EC1AD55008ED063 /* PhoneLoginVC.m in Sources */ = {isa = PBXBuildFile; fileRef = C7E0DC0F1EC1AD55008ED063 /* PhoneLoginVC.m */; };
		C7E0DC121EC1AD55008ED063 /* PhoneLoginVC.xib in Resources */ = {isa = PBXBuildFile; fileRef = C7E0DC101EC1AD55008ED063 /* PhoneLoginVC.xib */; };
		C7E0DC1A1EC1AF18008ED063 /* MainHomeVC.m in Sources */ = {isa = PBXBuildFile; fileRef = C7E0DC181EC1AF18008ED063 /* MainHomeVC.m */; };
		C7E0DC1B1EC1AF18008ED063 /* MainHomeVC.xib in Resources */ = {isa = PBXBuildFile; fileRef = C7E0DC191EC1AF18008ED063 /* MainHomeVC.xib */; };
		C7E0DC1F1EC1AF2D008ED063 /* ListHomeVC.m in Sources */ = {isa = PBXBuildFile; fileRef = C7E0DC1D1EC1AF2D008ED063 /* ListHomeVC.m */; };
		C7E0DC201EC1AF2D008ED063 /* ListHomeVC.xib in Resources */ = {isa = PBXBuildFile; fileRef = C7E0DC1E1EC1AF2D008ED063 /* ListHomeVC.xib */; };
		C7E0DC241EC1AF48008ED063 /* UserHomeVC.m in Sources */ = {isa = PBXBuildFile; fileRef = C7E0DC221EC1AF48008ED063 /* UserHomeVC.m */; };
		C7E0DC251EC1AF48008ED063 /* UserHomeVC.xib in Resources */ = {isa = PBXBuildFile; fileRef = C7E0DC231EC1AF48008ED063 /* UserHomeVC.xib */; };
		CE343ECB1ECA8DC100C8E31B /* UITableView+Lr_Placeholder.m in Sources */ = {isa = PBXBuildFile; fileRef = CE343ECA1ECA8DC100C8E31B /* UITableView+Lr_Placeholder.m */; };
		CE343ED21ECA9DB900C8E31B /* LRPlaceholderView.m in Sources */ = {isa = PBXBuildFile; fileRef = CE343ED11ECA9DB900C8E31B /* LRPlaceholderView.m */; };
		CE343ED51ECAE2D000C8E31B /* UICollectionView+Lr_Placeholder.m in Sources */ = {isa = PBXBuildFile; fileRef = CE343ED41ECAE2D000C8E31B /* UICollectionView+Lr_Placeholder.m */; };
		CE3A6C931EC9822A00D7D9D5 /* UIView+XBExtension.m in Sources */ = {isa = PBXBuildFile; fileRef = CE3A6C851EC9822A00D7D9D5 /* UIView+XBExtension.m */; };
		CE3A6C941EC9822A00D7D9D5 /* XBSettingItemModel.m in Sources */ = {isa = PBXBuildFile; fileRef = CE3A6C8A1EC9822A00D7D9D5 /* XBSettingItemModel.m */; };
		CE3A6C951EC9822A00D7D9D5 /* XBSettingSectionModel.m in Sources */ = {isa = PBXBuildFile; fileRef = CE3A6C8C1EC9822A00D7D9D5 /* XBSettingSectionModel.m */; };
		CE3A6C961EC9822A00D7D9D5 /* XBMeHeaderView.m in Sources */ = {isa = PBXBuildFile; fileRef = CE3A6C8F1EC9822A00D7D9D5 /* XBMeHeaderView.m */; };
		CE3A6C971EC9822A00D7D9D5 /* XBMeHeaderView.xib in Resources */ = {isa = PBXBuildFile; fileRef = CE3A6C901EC9822A00D7D9D5 /* XBMeHeaderView.xib */; };
		CE3A6C981EC9822A00D7D9D5 /* XBSettingCell.m in Sources */ = {isa = PBXBuildFile; fileRef = CE3A6C921EC9822A00D7D9D5 /* XBSettingCell.m */; };
		CE3A6C9E1EC9A6E300D7D9D5 /* UINavigationBar+BarItem.m in Sources */ = {isa = PBXBuildFile; fileRef = CE3A6C9D1EC9A6E300D7D9D5 /* UINavigationBar+BarItem.m */; };
		CE3A6CA31EC9A87400D7D9D5 /* HideTabSuperVC.m in Sources */ = {isa = PBXBuildFile; fileRef = CE3A6CA01EC9A87400D7D9D5 /* HideTabSuperVC.m */; };
		CE3A6CA41EC9A87400D7D9D5 /* ShowTabSuperVC.m in Sources */ = {isa = PBXBuildFile; fileRef = CE3A6CA21EC9A87400D7D9D5 /* ShowTabSuperVC.m */; };
		CE3A6CA81EC9A97300D7D9D5 /* UserSetVC.m in Sources */ = {isa = PBXBuildFile; fileRef = CE3A6CA61EC9A97300D7D9D5 /* UserSetVC.m */; };
		CE3A6CA91EC9A97300D7D9D5 /* UserSetVC.xib in Resources */ = {isa = PBXBuildFile; fileRef = CE3A6CA71EC9A97300D7D9D5 /* UserSetVC.xib */; };
		CE4CFDFD1ECB47EA00E59524 /* ShareFun.m in Sources */ = {isa = PBXBuildFile; fileRef = CE4CFDFC1ECB47EA00E59524 /* ShareFun.m */; };
		CE4CFE001ECB4D2700E59524 /* ShareValue.m in Sources */ = {isa = PBXBuildFile; fileRef = CE4CFDFF1ECB4D2700E59524 /* ShareValue.m */; };
		CE4CFE031ECB57B900E59524 /* NSTimer+UnRetain.m in Sources */ = {isa = PBXBuildFile; fileRef = CE4CFE021ECB57B900E59524 /* NSTimer+UnRetain.m */; };
		CE4CFE071ECB599C00E59524 /* LRCountDownButton.m in Sources */ = {isa = PBXBuildFile; fileRef = CE4CFE061ECB599C00E59524 /* LRCountDownButton.m */; };
		CE9C51571EC49C48004A7611 /* ListTableCell.m in Sources */ = {isa = PBXBuildFile; fileRef = CE9C51551EC49C48004A7611 /* ListTableCell.m */; };
		CE9C51581EC49C48004A7611 /* ListTableCell.xib in Resources */ = {isa = PBXBuildFile; fileRef = CE9C51561EC49C48004A7611 /* ListTableCell.xib */; };
		CE9C51611EC4B6E0004A7611 /* ListCollectionVC.m in Sources */ = {isa = PBXBuildFile; fileRef = CE9C515F1EC4B6E0004A7611 /* ListCollectionVC.m */; };
		CE9C51621EC4B6E0004A7611 /* ListCollectionVC.xib in Resources */ = {isa = PBXBuildFile; fileRef = CE9C51601EC4B6E0004A7611 /* ListCollectionVC.xib */; };
		CE9C51661EC4BA65004A7611 /* ListCollectionCell.m in Sources */ = {isa = PBXBuildFile; fileRef = CE9C51641EC4BA65004A7611 /* ListCollectionCell.m */; };
		CE9C51671EC4BA65004A7611 /* ListCollectionCell.xib in Resources */ = {isa = PBXBuildFile; fileRef = CE9C51651EC4BA65004A7611 /* ListCollectionCell.xib */; };
/* End PBXBuildFile section */

/* Begin PBXFileReference section */
		5315943D58AFCAE8E122A7A7 /* libPods-trafficPolice.a */ = {isa = PBXFileReference; explicitFileType = archive.ar; includeInIndex = 0; path = "libPods-trafficPolice.a"; sourceTree = BUILT_PRODUCTS_DIR; };
		70C9B4FC58051EEBD5942638 /* Pods-trafficPolice.release.xcconfig */ = {isa = PBXFileReference; includeInIndex = 1; lastKnownFileType = text.xcconfig; name = "Pods-trafficPolice.release.xcconfig"; path = "Pods/Target Support Files/Pods-trafficPolice/Pods-trafficPolice.release.xcconfig"; sourceTree = "<group>"; };
		90CAB9E901A1BC58DFB058D5 /* Pods-trafficPolice.debug.xcconfig */ = {isa = PBXFileReference; includeInIndex = 1; lastKnownFileType = text.xcconfig; name = "Pods-trafficPolice.debug.xcconfig"; path = "Pods/Target Support Files/Pods-trafficPolice/Pods-trafficPolice.debug.xcconfig"; sourceTree = "<group>"; };
		C72B56C71EC30BD6002523DE /* MainCellButton.h */ = {isa = PBXFileReference; fileEncoding = 4; lastKnownFileType = sourcecode.c.h; path = MainCellButton.h; sourceTree = "<group>"; };
		C72B56C81EC30BD6002523DE /* MainCellButton.m */ = {isa = PBXFileReference; fileEncoding = 4; lastKnownFileType = sourcecode.c.objc; path = MainCellButton.m; sourceTree = "<group>"; };
		C7621D0A1EC413A300980058 /* NSObject+Swizzling.h */ = {isa = PBXFileReference; fileEncoding = 4; lastKnownFileType = sourcecode.c.h; path = "NSObject+Swizzling.h"; sourceTree = "<group>"; };
		C7621D0B1EC413A300980058 /* NSObject+Swizzling.m */ = {isa = PBXFileReference; fileEncoding = 4; lastKnownFileType = sourcecode.c.objc; path = "NSObject+Swizzling.m"; sourceTree = "<group>"; };
		C7621D0D1EC4192C00980058 /* UIButton+NoRepeatClick.h */ = {isa = PBXFileReference; fileEncoding = 4; lastKnownFileType = sourcecode.c.h; path = "UIButton+NoRepeatClick.h"; sourceTree = "<group>"; };
		C7621D0E1EC4192C00980058 /* UIButton+NoRepeatClick.m */ = {isa = PBXFileReference; fileEncoding = 4; lastKnownFileType = sourcecode.c.objc; path = "UIButton+NoRepeatClick.m"; sourceTree = "<group>"; };
		C7621D111EC43CD400980058 /* LRPageMenu.h */ = {isa = PBXFileReference; fileEncoding = 4; lastKnownFileType = sourcecode.c.h; path = LRPageMenu.h; sourceTree = "<group>"; };
		C7621D121EC43CD400980058 /* LRPageMenu.m */ = {isa = PBXFileReference; fileEncoding = 4; lastKnownFileType = sourcecode.c.objc; path = LRPageMenu.m; sourceTree = "<group>"; };
		C7621D141EC43F0C00980058 /* ListBaseVC.h */ = {isa = PBXFileReference; fileEncoding = 4; lastKnownFileType = sourcecode.c.h; path = ListBaseVC.h; sourceTree = "<group>"; };
		C7621D151EC43F0C00980058 /* ListBaseVC.m */ = {isa = PBXFileReference; fileEncoding = 4; lastKnownFileType = sourcecode.c.objc; path = ListBaseVC.m; sourceTree = "<group>"; };
		C7621D161EC43F0C00980058 /* ListBaseVC.xib */ = {isa = PBXFileReference; fileEncoding = 4; lastKnownFileType = file.xib; path = ListBaseVC.xib; sourceTree = "<group>"; };
		C7621D191EC44D2800980058 /* UINavigationBar+Awesome.h */ = {isa = PBXFileReference; fileEncoding = 4; lastKnownFileType = sourcecode.c.h; path = "UINavigationBar+Awesome.h"; sourceTree = "<group>"; };
		C7621D1A1EC44D2800980058 /* UINavigationBar+Awesome.m */ = {isa = PBXFileReference; fileEncoding = 4; lastKnownFileType = sourcecode.c.objc; path = "UINavigationBar+Awesome.m"; sourceTree = "<group>"; };
		C78138A81EC2C29300A124B7 /* ImagePlayerView.h */ = {isa = PBXFileReference; fileEncoding = 4; lastKnownFileType = sourcecode.c.h; path = ImagePlayerView.h; sourceTree = "<group>"; };
		C78138A91EC2C29300A124B7 /* ImagePlayerView.m */ = {isa = PBXFileReference; fileEncoding = 4; lastKnownFileType = sourcecode.c.objc; path = ImagePlayerView.m; sourceTree = "<group>"; };
		C78138AD1EC2E79E00A124B7 /* MainHomeCell.h */ = {isa = PBXFileReference; fileEncoding = 4; lastKnownFileType = sourcecode.c.h; path = MainHomeCell.h; sourceTree = "<group>"; };
		C78138AE1EC2E79E00A124B7 /* MainHomeCell.m */ = {isa = PBXFileReference; fileEncoding = 4; lastKnownFileType = sourcecode.c.objc; path = MainHomeCell.m; sourceTree = "<group>"; };
		C78138AF1EC2E79E00A124B7 /* MainHomeCell.xib */ = {isa = PBXFileReference; fileEncoding = 4; lastKnownFileType = file.xib; path = MainHomeCell.xib; sourceTree = "<group>"; };
		C79C99401EC58A1F00258CF1 /* DisplayHelper.h */ = {isa = PBXFileReference; fileEncoding = 4; lastKnownFileType = sourcecode.c.h; path = DisplayHelper.h; sourceTree = "<group>"; };
		C79C99411EC58A1F00258CF1 /* DisplayHelper.m */ = {isa = PBXFileReference; fileEncoding = 4; lastKnownFileType = sourcecode.c.objc; path = DisplayHelper.m; sourceTree = "<group>"; };
		C79C99451EC5959000258CF1 /* UserReusableView.h */ = {isa = PBXFileReference; fileEncoding = 4; lastKnownFileType = sourcecode.c.h; path = UserReusableView.h; sourceTree = "<group>"; };
		C79C99461EC5959000258CF1 /* UserReusableView.m */ = {isa = PBXFileReference; fileEncoding = 4; lastKnownFileType = sourcecode.c.objc; path = UserReusableView.m; sourceTree = "<group>"; };
		C79C99471EC5959000258CF1 /* UserReusableView.xib */ = {isa = PBXFileReference; fileEncoding = 4; lastKnownFileType = file.xib; path = UserReusableView.xib; sourceTree = "<group>"; };
		C79C994A1EC595AE00258CF1 /* UserHomeCell.h */ = {isa = PBXFileReference; fileEncoding = 4; lastKnownFileType = sourcecode.c.h; path = UserHomeCell.h; sourceTree = "<group>"; };
		C79C994B1EC595AE00258CF1 /* UserHomeCell.m */ = {isa = PBXFileReference; fileEncoding = 4; lastKnownFileType = sourcecode.c.objc; path = UserHomeCell.m; sourceTree = "<group>"; };
		C79C994C1EC595AE00258CF1 /* UserHomeCell.xib */ = {isa = PBXFileReference; fileEncoding = 4; lastKnownFileType = file.xib; path = UserHomeCell.xib; sourceTree = "<group>"; };
		C7D690961EC3038500E9A6B3 /* LRRippleButton.h */ = {isa = PBXFileReference; fileEncoding = 4; lastKnownFileType = sourcecode.c.h; path = LRRippleButton.h; sourceTree = "<group>"; };
		C7D690971EC3038500E9A6B3 /* LRRippleButton.m */ = {isa = PBXFileReference; fileEncoding = 4; lastKnownFileType = sourcecode.c.objc; path = LRRippleButton.m; sourceTree = "<group>"; };
		C7E0DB841EC15DBA008ED063 /* trafficPolice.app */ = {isa = PBXFileReference; explicitFileType = wrapper.application; includeInIndex = 0; path = trafficPolice.app; sourceTree = BUILT_PRODUCTS_DIR; };
		C7E0DB881EC15DBA008ED063 /* main.m */ = {isa = PBXFileReference; lastKnownFileType = sourcecode.c.objc; path = main.m; sourceTree = "<group>"; };
		C7E0DB8A1EC15DBA008ED063 /* AppDelegate.h */ = {isa = PBXFileReference; lastKnownFileType = sourcecode.c.h; path = AppDelegate.h; sourceTree = "<group>"; };
		C7E0DB8B1EC15DBA008ED063 /* AppDelegate.m */ = {isa = PBXFileReference; lastKnownFileType = sourcecode.c.objc; path = AppDelegate.m; sourceTree = "<group>"; };
		C7E0DB931EC15DBA008ED063 /* Assets.xcassets */ = {isa = PBXFileReference; lastKnownFileType = folder.assetcatalog; path = Assets.xcassets; sourceTree = "<group>"; };
		C7E0DB981EC15DBA008ED063 /* Info.plist */ = {isa = PBXFileReference; lastKnownFileType = text.plist.xml; path = Info.plist; sourceTree = "<group>"; };
		C7E0DBA01EC162D5008ED063 /* trafficPolice.pch */ = {isa = PBXFileReference; fileEncoding = 4; lastKnownFileType = sourcecode.c.h; path = trafficPolice.pch; sourceTree = "<group>"; };
		C7E0DBE31EC1A1C9008ED063 /* AKTab.h */ = {isa = PBXFileReference; fileEncoding = 4; lastKnownFileType = sourcecode.c.h; path = AKTab.h; sourceTree = "<group>"; };
		C7E0DBE41EC1A1C9008ED063 /* AKTab.m */ = {isa = PBXFileReference; fileEncoding = 4; lastKnownFileType = sourcecode.c.objc; path = AKTab.m; sourceTree = "<group>"; };
		C7E0DBE51EC1A1C9008ED063 /* AKTabBar.h */ = {isa = PBXFileReference; fileEncoding = 4; lastKnownFileType = sourcecode.c.h; path = AKTabBar.h; sourceTree = "<group>"; };
		C7E0DBE61EC1A1C9008ED063 /* AKTabBar.m */ = {isa = PBXFileReference; fileEncoding = 4; lastKnownFileType = sourcecode.c.objc; path = AKTabBar.m; sourceTree = "<group>"; };
		C7E0DBE71EC1A1C9008ED063 /* AKTabBarController.bundle */ = {isa = PBXFileReference; lastKnownFileType = "wrapper.plug-in"; path = AKTabBarController.bundle; sourceTree = "<group>"; };
		C7E0DBE81EC1A1C9008ED063 /* AKTabBarController.h */ = {isa = PBXFileReference; fileEncoding = 4; lastKnownFileType = sourcecode.c.h; path = AKTabBarController.h; sourceTree = "<group>"; };
		C7E0DBE91EC1A1C9008ED063 /* AKTabBarController.m */ = {isa = PBXFileReference; fileEncoding = 4; lastKnownFileType = sourcecode.c.objc; path = AKTabBarController.m; sourceTree = "<group>"; };
		C7E0DBEA1EC1A1C9008ED063 /* AKTabBarView.h */ = {isa = PBXFileReference; fileEncoding = 4; lastKnownFileType = sourcecode.c.h; path = AKTabBarView.h; sourceTree = "<group>"; };
		C7E0DBEB1EC1A1C9008ED063 /* AKTabBarView.m */ = {isa = PBXFileReference; fileEncoding = 4; lastKnownFileType = sourcecode.c.objc; path = AKTabBarView.m; sourceTree = "<group>"; };
		C7E0DBEC1EC1A1C9008ED063 /* UINavigationController+AKTabBarController.h */ = {isa = PBXFileReference; fileEncoding = 4; lastKnownFileType = sourcecode.c.h; path = "UINavigationController+AKTabBarController.h"; sourceTree = "<group>"; };
		C7E0DBED1EC1A1C9008ED063 /* UINavigationController+AKTabBarController.m */ = {isa = PBXFileReference; fileEncoding = 4; lastKnownFileType = sourcecode.c.objc; path = "UINavigationController+AKTabBarController.m"; sourceTree = "<group>"; };
		C7E0DBEE1EC1A1C9008ED063 /* UIViewController+AKTabBarController.h */ = {isa = PBXFileReference; fileEncoding = 4; lastKnownFileType = sourcecode.c.h; path = "UIViewController+AKTabBarController.h"; sourceTree = "<group>"; };
		C7E0DBEF1EC1A1C9008ED063 /* UIViewController+AKTabBarController.m */ = {isa = PBXFileReference; fileEncoding = 4; lastKnownFileType = sourcecode.c.objc; path = "UIViewController+AKTabBarController.m"; sourceTree = "<group>"; };
		C7E0DC001EC1A5F8008ED063 /* BaseViewController.h */ = {isa = PBXFileReference; fileEncoding = 4; lastKnownFileType = sourcecode.c.h; path = BaseViewController.h; sourceTree = "<group>"; };
		C7E0DC011EC1A5F8008ED063 /* BaseViewController.m */ = {isa = PBXFileReference; fileEncoding = 4; lastKnownFileType = sourcecode.c.objc; path = BaseViewController.m; sourceTree = "<group>"; };
		C7E0DC091EC1A65C008ED063 /* LoginHomeVC.h */ = {isa = PBXFileReference; fileEncoding = 4; lastKnownFileType = sourcecode.c.h; path = LoginHomeVC.h; sourceTree = "<group>"; };
		C7E0DC0A1EC1A65C008ED063 /* LoginHomeVC.m */ = {isa = PBXFileReference; fileEncoding = 4; lastKnownFileType = sourcecode.c.objc; path = LoginHomeVC.m; sourceTree = "<group>"; };
		C7E0DC0B1EC1A65C008ED063 /* LoginHomeVC.xib */ = {isa = PBXFileReference; fileEncoding = 4; lastKnownFileType = file.xib; path = LoginHomeVC.xib; sourceTree = "<group>"; };
		C7E0DC0E1EC1AD55008ED063 /* PhoneLoginVC.h */ = {isa = PBXFileReference; fileEncoding = 4; lastKnownFileType = sourcecode.c.h; path = PhoneLoginVC.h; sourceTree = "<group>"; };
		C7E0DC0F1EC1AD55008ED063 /* PhoneLoginVC.m */ = {isa = PBXFileReference; fileEncoding = 4; lastKnownFileType = sourcecode.c.objc; path = PhoneLoginVC.m; sourceTree = "<group>"; };
		C7E0DC101EC1AD55008ED063 /* PhoneLoginVC.xib */ = {isa = PBXFileReference; fileEncoding = 4; lastKnownFileType = file.xib; path = PhoneLoginVC.xib; sourceTree = "<group>"; };
		C7E0DC171EC1AF18008ED063 /* MainHomeVC.h */ = {isa = PBXFileReference; fileEncoding = 4; lastKnownFileType = sourcecode.c.h; path = MainHomeVC.h; sourceTree = "<group>"; };
		C7E0DC181EC1AF18008ED063 /* MainHomeVC.m */ = {isa = PBXFileReference; fileEncoding = 4; lastKnownFileType = sourcecode.c.objc; path = MainHomeVC.m; sourceTree = "<group>"; };
		C7E0DC191EC1AF18008ED063 /* MainHomeVC.xib */ = {isa = PBXFileReference; fileEncoding = 4; lastKnownFileType = file.xib; path = MainHomeVC.xib; sourceTree = "<group>"; };
		C7E0DC1C1EC1AF2D008ED063 /* ListHomeVC.h */ = {isa = PBXFileReference; fileEncoding = 4; lastKnownFileType = sourcecode.c.h; path = ListHomeVC.h; sourceTree = "<group>"; };
		C7E0DC1D1EC1AF2D008ED063 /* ListHomeVC.m */ = {isa = PBXFileReference; fileEncoding = 4; lastKnownFileType = sourcecode.c.objc; path = ListHomeVC.m; sourceTree = "<group>"; };
		C7E0DC1E1EC1AF2D008ED063 /* ListHomeVC.xib */ = {isa = PBXFileReference; fileEncoding = 4; lastKnownFileType = file.xib; path = ListHomeVC.xib; sourceTree = "<group>"; };
		C7E0DC211EC1AF48008ED063 /* UserHomeVC.h */ = {isa = PBXFileReference; fileEncoding = 4; lastKnownFileType = sourcecode.c.h; path = UserHomeVC.h; sourceTree = "<group>"; };
		C7E0DC221EC1AF48008ED063 /* UserHomeVC.m */ = {isa = PBXFileReference; fileEncoding = 4; lastKnownFileType = sourcecode.c.objc; path = UserHomeVC.m; sourceTree = "<group>"; };
		C7E0DC231EC1AF48008ED063 /* UserHomeVC.xib */ = {isa = PBXFileReference; fileEncoding = 4; lastKnownFileType = file.xib; path = UserHomeVC.xib; sourceTree = "<group>"; };
		C7E0DC261EC1B9E7008ED063 /* UtilsMacro.h */ = {isa = PBXFileReference; fileEncoding = 4; lastKnownFileType = sourcecode.c.h; path = UtilsMacro.h; sourceTree = "<group>"; };
		CE343EC91ECA8DC100C8E31B /* UITableView+Lr_Placeholder.h */ = {isa = PBXFileReference; fileEncoding = 4; lastKnownFileType = sourcecode.c.h; path = "UITableView+Lr_Placeholder.h"; sourceTree = "<group>"; };
		CE343ECA1ECA8DC100C8E31B /* UITableView+Lr_Placeholder.m */ = {isa = PBXFileReference; fileEncoding = 4; lastKnownFileType = sourcecode.c.objc; path = "UITableView+Lr_Placeholder.m"; sourceTree = "<group>"; };
		CE343ED01ECA9DB900C8E31B /* LRPlaceholderView.h */ = {isa = PBXFileReference; fileEncoding = 4; lastKnownFileType = sourcecode.c.h; path = LRPlaceholderView.h; sourceTree = "<group>"; };
		CE343ED11ECA9DB900C8E31B /* LRPlaceholderView.m */ = {isa = PBXFileReference; fileEncoding = 4; lastKnownFileType = sourcecode.c.objc; path = LRPlaceholderView.m; sourceTree = "<group>"; };
		CE343ED31ECAE2D000C8E31B /* UICollectionView+Lr_Placeholder.h */ = {isa = PBXFileReference; fileEncoding = 4; lastKnownFileType = sourcecode.c.h; path = "UICollectionView+Lr_Placeholder.h"; sourceTree = "<group>"; };
		CE343ED41ECAE2D000C8E31B /* UICollectionView+Lr_Placeholder.m */ = {isa = PBXFileReference; fileEncoding = 4; lastKnownFileType = sourcecode.c.objc; path = "UICollectionView+Lr_Placeholder.m"; sourceTree = "<group>"; };
		CE3A6C841EC9822A00D7D9D5 /* UIView+XBExtension.h */ = {isa = PBXFileReference; fileEncoding = 4; lastKnownFileType = sourcecode.c.h; path = "UIView+XBExtension.h"; sourceTree = "<group>"; };
		CE3A6C851EC9822A00D7D9D5 /* UIView+XBExtension.m */ = {isa = PBXFileReference; fileEncoding = 4; lastKnownFileType = sourcecode.c.objc; path = "UIView+XBExtension.m"; sourceTree = "<group>"; };
		CE3A6C871EC9822A00D7D9D5 /* XBConst.h */ = {isa = PBXFileReference; fileEncoding = 4; lastKnownFileType = sourcecode.c.h; path = XBConst.h; sourceTree = "<group>"; };
		CE3A6C891EC9822A00D7D9D5 /* XBSettingItemModel.h */ = {isa = PBXFileReference; fileEncoding = 4; lastKnownFileType = sourcecode.c.h; path = XBSettingItemModel.h; sourceTree = "<group>"; };
		CE3A6C8A1EC9822A00D7D9D5 /* XBSettingItemModel.m */ = {isa = PBXFileReference; fileEncoding = 4; lastKnownFileType = sourcecode.c.objc; path = XBSettingItemModel.m; sourceTree = "<group>"; };
		CE3A6C8B1EC9822A00D7D9D5 /* XBSettingSectionModel.h */ = {isa = PBXFileReference; fileEncoding = 4; lastKnownFileType = sourcecode.c.h; path = XBSettingSectionModel.h; sourceTree = "<group>"; };
		CE3A6C8C1EC9822A00D7D9D5 /* XBSettingSectionModel.m */ = {isa = PBXFileReference; fileEncoding = 4; lastKnownFileType = sourcecode.c.objc; path = XBSettingSectionModel.m; sourceTree = "<group>"; };
		CE3A6C8E1EC9822A00D7D9D5 /* XBMeHeaderView.h */ = {isa = PBXFileReference; fileEncoding = 4; lastKnownFileType = sourcecode.c.h; path = XBMeHeaderView.h; sourceTree = "<group>"; };
		CE3A6C8F1EC9822A00D7D9D5 /* XBMeHeaderView.m */ = {isa = PBXFileReference; fileEncoding = 4; lastKnownFileType = sourcecode.c.objc; path = XBMeHeaderView.m; sourceTree = "<group>"; };
		CE3A6C901EC9822A00D7D9D5 /* XBMeHeaderView.xib */ = {isa = PBXFileReference; fileEncoding = 4; lastKnownFileType = file.xib; path = XBMeHeaderView.xib; sourceTree = "<group>"; };
		CE3A6C911EC9822A00D7D9D5 /* XBSettingCell.h */ = {isa = PBXFileReference; fileEncoding = 4; lastKnownFileType = sourcecode.c.h; path = XBSettingCell.h; sourceTree = "<group>"; };
		CE3A6C921EC9822A00D7D9D5 /* XBSettingCell.m */ = {isa = PBXFileReference; fileEncoding = 4; lastKnownFileType = sourcecode.c.objc; path = XBSettingCell.m; sourceTree = "<group>"; };
		CE3A6C9C1EC9A6E300D7D9D5 /* UINavigationBar+BarItem.h */ = {isa = PBXFileReference; fileEncoding = 4; lastKnownFileType = sourcecode.c.h; path = "UINavigationBar+BarItem.h"; sourceTree = "<group>"; };
		CE3A6C9D1EC9A6E300D7D9D5 /* UINavigationBar+BarItem.m */ = {isa = PBXFileReference; fileEncoding = 4; lastKnownFileType = sourcecode.c.objc; path = "UINavigationBar+BarItem.m"; sourceTree = "<group>"; };
		CE3A6C9F1EC9A87400D7D9D5 /* HideTabSuperVC.h */ = {isa = PBXFileReference; fileEncoding = 4; lastKnownFileType = sourcecode.c.h; path = HideTabSuperVC.h; sourceTree = "<group>"; };
		CE3A6CA01EC9A87400D7D9D5 /* HideTabSuperVC.m */ = {isa = PBXFileReference; fileEncoding = 4; lastKnownFileType = sourcecode.c.objc; path = HideTabSuperVC.m; sourceTree = "<group>"; };
		CE3A6CA11EC9A87400D7D9D5 /* ShowTabSuperVC.h */ = {isa = PBXFileReference; fileEncoding = 4; lastKnownFileType = sourcecode.c.h; path = ShowTabSuperVC.h; sourceTree = "<group>"; };
		CE3A6CA21EC9A87400D7D9D5 /* ShowTabSuperVC.m */ = {isa = PBXFileReference; fileEncoding = 4; lastKnownFileType = sourcecode.c.objc; path = ShowTabSuperVC.m; sourceTree = "<group>"; };
		CE3A6CA51EC9A97300D7D9D5 /* UserSetVC.h */ = {isa = PBXFileReference; fileEncoding = 4; lastKnownFileType = sourcecode.c.h; path = UserSetVC.h; sourceTree = "<group>"; };
		CE3A6CA61EC9A97300D7D9D5 /* UserSetVC.m */ = {isa = PBXFileReference; fileEncoding = 4; lastKnownFileType = sourcecode.c.objc; path = UserSetVC.m; sourceTree = "<group>"; };
		CE3A6CA71EC9A97300D7D9D5 /* UserSetVC.xib */ = {isa = PBXFileReference; fileEncoding = 4; lastKnownFileType = file.xib; path = UserSetVC.xib; sourceTree = "<group>"; };
		CE4CFDF91ECB380B00E59524 /* SDKMacro.h */ = {isa = PBXFileReference; lastKnownFileType = sourcecode.c.h; path = SDKMacro.h; sourceTree = "<group>"; };
		CE4CFDFA1ECB3BEE00E59524 /* NoticeMacro.h */ = {isa = PBXFileReference; fileEncoding = 4; lastKnownFileType = sourcecode.c.h; path = NoticeMacro.h; sourceTree = "<group>"; };
		CE4CFDFB1ECB47EA00E59524 /* ShareFun.h */ = {isa = PBXFileReference; fileEncoding = 4; lastKnownFileType = sourcecode.c.h; path = ShareFun.h; sourceTree = "<group>"; };
		CE4CFDFC1ECB47EA00E59524 /* ShareFun.m */ = {isa = PBXFileReference; fileEncoding = 4; lastKnownFileType = sourcecode.c.objc; path = ShareFun.m; sourceTree = "<group>"; };
		CE4CFDFE1ECB4D2700E59524 /* ShareValue.h */ = {isa = PBXFileReference; fileEncoding = 4; lastKnownFileType = sourcecode.c.h; path = ShareValue.h; sourceTree = "<group>"; };
		CE4CFDFF1ECB4D2700E59524 /* ShareValue.m */ = {isa = PBXFileReference; fileEncoding = 4; lastKnownFileType = sourcecode.c.objc; path = ShareValue.m; sourceTree = "<group>"; };
		CE4CFE011ECB57B900E59524 /* NSTimer+UnRetain.h */ = {isa = PBXFileReference; fileEncoding = 4; lastKnownFileType = sourcecode.c.h; path = "NSTimer+UnRetain.h"; sourceTree = "<group>"; };
		CE4CFE021ECB57B900E59524 /* NSTimer+UnRetain.m */ = {isa = PBXFileReference; fileEncoding = 4; lastKnownFileType = sourcecode.c.objc; path = "NSTimer+UnRetain.m"; sourceTree = "<group>"; };
		CE4CFE051ECB599C00E59524 /* LRCountDownButton.h */ = {isa = PBXFileReference; fileEncoding = 4; lastKnownFileType = sourcecode.c.h; path = LRCountDownButton.h; sourceTree = "<group>"; };
		CE4CFE061ECB599C00E59524 /* LRCountDownButton.m */ = {isa = PBXFileReference; fileEncoding = 4; lastKnownFileType = sourcecode.c.objc; path = LRCountDownButton.m; sourceTree = "<group>"; };
		CE5071571EC9DCFB00BC5609 /* LRSingleton.h */ = {isa = PBXFileReference; lastKnownFileType = sourcecode.c.h; path = LRSingleton.h; sourceTree = "<group>"; };
		CE9C51541EC49C48004A7611 /* ListTableCell.h */ = {isa = PBXFileReference; fileEncoding = 4; lastKnownFileType = sourcecode.c.h; path = ListTableCell.h; sourceTree = "<group>"; };
		CE9C51551EC49C48004A7611 /* ListTableCell.m */ = {isa = PBXFileReference; fileEncoding = 4; lastKnownFileType = sourcecode.c.objc; path = ListTableCell.m; sourceTree = "<group>"; };
		CE9C51561EC49C48004A7611 /* ListTableCell.xib */ = {isa = PBXFileReference; fileEncoding = 4; lastKnownFileType = file.xib; path = ListTableCell.xib; sourceTree = "<group>"; };
		CE9C515E1EC4B6E0004A7611 /* ListCollectionVC.h */ = {isa = PBXFileReference; fileEncoding = 4; lastKnownFileType = sourcecode.c.h; path = ListCollectionVC.h; sourceTree = "<group>"; };
		CE9C515F1EC4B6E0004A7611 /* ListCollectionVC.m */ = {isa = PBXFileReference; fileEncoding = 4; lastKnownFileType = sourcecode.c.objc; path = ListCollectionVC.m; sourceTree = "<group>"; };
		CE9C51601EC4B6E0004A7611 /* ListCollectionVC.xib */ = {isa = PBXFileReference; fileEncoding = 4; lastKnownFileType = file.xib; path = ListCollectionVC.xib; sourceTree = "<group>"; };
		CE9C51631EC4BA65004A7611 /* ListCollectionCell.h */ = {isa = PBXFileReference; fileEncoding = 4; lastKnownFileType = sourcecode.c.h; path = ListCollectionCell.h; sourceTree = "<group>"; };
		CE9C51641EC4BA65004A7611 /* ListCollectionCell.m */ = {isa = PBXFileReference; fileEncoding = 4; lastKnownFileType = sourcecode.c.objc; path = ListCollectionCell.m; sourceTree = "<group>"; };
		CE9C51651EC4BA65004A7611 /* ListCollectionCell.xib */ = {isa = PBXFileReference; fileEncoding = 4; lastKnownFileType = file.xib; path = ListCollectionCell.xib; sourceTree = "<group>"; };
/* End PBXFileReference section */

/* Begin PBXFrameworksBuildPhase section */
		C7E0DB811EC15DBA008ED063 /* Frameworks */ = {
			isa = PBXFrameworksBuildPhase;
			buildActionMask = 2147483647;
			files = (
				08BAB73D640A9733CA3C7E0D /* libPods-trafficPolice.a in Frameworks */,
			);
			runOnlyForDeploymentPostprocessing = 0;
		};
/* End PBXFrameworksBuildPhase section */

/* Begin PBXGroup section */
		C7621D101EC43CD400980058 /* LRPageMenu */ = {
			isa = PBXGroup;
			children = (
				C7621D111EC43CD400980058 /* LRPageMenu.h */,
				C7621D121EC43CD400980058 /* LRPageMenu.m */,
			);
			path = LRPageMenu;
			sourceTree = "<group>";
		};
		C78138A61EC2C29300A124B7 /* ImagePlayerView */ = {
			isa = PBXGroup;
			children = (
				C78138A81EC2C29300A124B7 /* ImagePlayerView.h */,
				C78138A91EC2C29300A124B7 /* ImagePlayerView.m */,
			);
			path = ImagePlayerView;
			sourceTree = "<group>";
		};
		C78138AC1EC2E77000A124B7 /* MainView */ = {
			isa = PBXGroup;
			children = (
				C78138AD1EC2E79E00A124B7 /* MainHomeCell.h */,
				C78138AE1EC2E79E00A124B7 /* MainHomeCell.m */,
				C78138AF1EC2E79E00A124B7 /* MainHomeCell.xib */,
				C72B56C71EC30BD6002523DE /* MainCellButton.h */,
				C72B56C81EC30BD6002523DE /* MainCellButton.m */,
			);
			path = MainView;
			sourceTree = "<group>";
		};
		C79C99441EC5952300258CF1 /* UserView */ = {
			isa = PBXGroup;
			children = (
				C79C99451EC5959000258CF1 /* UserReusableView.h */,
				C79C99461EC5959000258CF1 /* UserReusableView.m */,
				C79C99471EC5959000258CF1 /* UserReusableView.xib */,
				C79C994A1EC595AE00258CF1 /* UserHomeCell.h */,
				C79C994B1EC595AE00258CF1 /* UserHomeCell.m */,
				C79C994C1EC595AE00258CF1 /* UserHomeCell.xib */,
			);
			path = UserView;
			sourceTree = "<group>";
		};
		C7D690951EC3036500E9A6B3 /* LRZRippleButton */ = {
			isa = PBXGroup;
			children = (
				C7D690961EC3038500E9A6B3 /* LRRippleButton.h */,
				C7D690971EC3038500E9A6B3 /* LRRippleButton.m */,
			);
			path = LRZRippleButton;
			sourceTree = "<group>";
		};
		C7E0DB7B1EC15DBA008ED063 = {
			isa = PBXGroup;
			children = (
				C7E0DB861EC15DBA008ED063 /* trafficPolice */,
				C7E0DB851EC15DBA008ED063 /* Products */,
				DDA5B09086610B74175F0DDB /* Pods */,
				CA950E019092A6EE264A0A75 /* Frameworks */,
			);
			sourceTree = "<group>";
		};
		C7E0DB851EC15DBA008ED063 /* Products */ = {
			isa = PBXGroup;
			children = (
				C7E0DB841EC15DBA008ED063 /* trafficPolice.app */,
			);
			name = Products;
			sourceTree = "<group>";
		};
		C7E0DB861EC15DBA008ED063 /* trafficPolice */ = {
			isa = PBXGroup;
			children = (
				C7E0DB8A1EC15DBA008ED063 /* AppDelegate.h */,
				C7E0DB8B1EC15DBA008ED063 /* AppDelegate.m */,
				C7E0DBF51EC1A1C9008ED063 /* Views */,
				C7E0DBF11EC1A1C9008ED063 /* Models */,
				C7E0DBE01EC1A1C8008ED063 /* Controllers */,
				C7E0DBF31EC1A1C9008ED063 /* Tools */,
				C7E0DBF01EC1A1C9008ED063 /* Macro */,
				C7E0DBDF1EC1A1C8008ED063 /* Category */,
				C7E0DBF21EC1A1C9008ED063 /* SDK */,
				C7E0DBE11EC1A1C8008ED063 /* Extra */,
				C7E0DB931EC15DBA008ED063 /* Assets.xcassets */,
				C7E0DB981EC15DBA008ED063 /* Info.plist */,
				C7E0DB871EC15DBA008ED063 /* Supporting Files */,
			);
			path = trafficPolice;
			sourceTree = "<group>";
		};
		C7E0DB871EC15DBA008ED063 /* Supporting Files */ = {
			isa = PBXGroup;
			children = (
				C7E0DB881EC15DBA008ED063 /* main.m */,
				C7E0DBA01EC162D5008ED063 /* trafficPolice.pch */,
			);
			name = "Supporting Files";
			sourceTree = "<group>";
		};
		C7E0DBDF1EC1A1C8008ED063 /* Category */ = {
			isa = PBXGroup;
			children = (
				C7621D0A1EC413A300980058 /* NSObject+Swizzling.h */,
				C7621D0B1EC413A300980058 /* NSObject+Swizzling.m */,
				C7621D0D1EC4192C00980058 /* UIButton+NoRepeatClick.h */,
				C7621D0E1EC4192C00980058 /* UIButton+NoRepeatClick.m */,
				C7621D191EC44D2800980058 /* UINavigationBar+Awesome.h */,
				C7621D1A1EC44D2800980058 /* UINavigationBar+Awesome.m */,
				CE3A6C9C1EC9A6E300D7D9D5 /* UINavigationBar+BarItem.h */,
				CE3A6C9D1EC9A6E300D7D9D5 /* UINavigationBar+BarItem.m */,
				CE343EC91ECA8DC100C8E31B /* UITableView+Lr_Placeholder.h */,
				CE343ECA1ECA8DC100C8E31B /* UITableView+Lr_Placeholder.m */,
				CE343ED31ECAE2D000C8E31B /* UICollectionView+Lr_Placeholder.h */,
				CE343ED41ECAE2D000C8E31B /* UICollectionView+Lr_Placeholder.m */,
				CE4CFE011ECB57B900E59524 /* NSTimer+UnRetain.h */,
				CE4CFE021ECB57B900E59524 /* NSTimer+UnRetain.m */,
			);
			path = Category;
			sourceTree = "<group>";
		};
		C7E0DBE01EC1A1C8008ED063 /* Controllers */ = {
			isa = PBXGroup;
			children = (
				C7E0DC081EC1A647008ED063 /* LoginHomeVC */,
				C7E0DC131EC1AEAE008ED063 /* MainHomeVC */,
				C7E0DC141EC1AEEC008ED063 /* ListHomeVC */,
				C7E0DC161EC1AEEC008ED063 /* UserHomeVC */,
			);
			path = Controllers;
			sourceTree = "<group>";
		};
		C7E0DBE11EC1A1C8008ED063 /* Extra */ = {
			isa = PBXGroup;
			children = (
				CE4CFE041ECB597400E59524 /* LRCountDownButton */,
				CE3A6C821EC9822A00D7D9D5 /* XBSettingController */,
				C7621D101EC43CD400980058 /* LRPageMenu */,
				C7D690951EC3036500E9A6B3 /* LRZRippleButton */,
				C78138A61EC2C29300A124B7 /* ImagePlayerView */,
				C7E0DBE21EC1A1C8008ED063 /* AKTabBarController */,
			);
			path = Extra;
			sourceTree = "<group>";
		};
		C7E0DBE21EC1A1C8008ED063 /* AKTabBarController */ = {
			isa = PBXGroup;
			children = (
				C7E0DBE31EC1A1C9008ED063 /* AKTab.h */,
				C7E0DBE41EC1A1C9008ED063 /* AKTab.m */,
				C7E0DBE51EC1A1C9008ED063 /* AKTabBar.h */,
				C7E0DBE61EC1A1C9008ED063 /* AKTabBar.m */,
				C7E0DBE71EC1A1C9008ED063 /* AKTabBarController.bundle */,
				C7E0DBE81EC1A1C9008ED063 /* AKTabBarController.h */,
				C7E0DBE91EC1A1C9008ED063 /* AKTabBarController.m */,
				C7E0DBEA1EC1A1C9008ED063 /* AKTabBarView.h */,
				C7E0DBEB1EC1A1C9008ED063 /* AKTabBarView.m */,
				C7E0DBEC1EC1A1C9008ED063 /* UINavigationController+AKTabBarController.h */,
				C7E0DBED1EC1A1C9008ED063 /* UINavigationController+AKTabBarController.m */,
				C7E0DBEE1EC1A1C9008ED063 /* UIViewController+AKTabBarController.h */,
				C7E0DBEF1EC1A1C9008ED063 /* UIViewController+AKTabBarController.m */,
			);
			path = AKTabBarController;
			sourceTree = "<group>";
		};
		C7E0DBF01EC1A1C9008ED063 /* Macro */ = {
			isa = PBXGroup;
			children = (
				C7E0DC261EC1B9E7008ED063 /* UtilsMacro.h */,
				CE5071571EC9DCFB00BC5609 /* LRSingleton.h */,
				CE4CFDF91ECB380B00E59524 /* SDKMacro.h */,
				CE4CFDFA1ECB3BEE00E59524 /* NoticeMacro.h */,
			);
			path = Macro;
			sourceTree = "<group>";
		};
		C7E0DBF11EC1A1C9008ED063 /* Models */ = {
			isa = PBXGroup;
			children = (
			);
			path = Models;
			sourceTree = "<group>";
		};
		C7E0DBF21EC1A1C9008ED063 /* SDK */ = {
			isa = PBXGroup;
			children = (
			);
			path = SDK;
			sourceTree = "<group>";
		};
		C7E0DBF31EC1A1C9008ED063 /* Tools */ = {
			isa = PBXGroup;
			children = (
				C79C99401EC58A1F00258CF1 /* DisplayHelper.h */,
				C79C99411EC58A1F00258CF1 /* DisplayHelper.m */,
				CE4CFDFB1ECB47EA00E59524 /* ShareFun.h */,
				CE4CFDFC1ECB47EA00E59524 /* ShareFun.m */,
				CE4CFDFE1ECB4D2700E59524 /* ShareValue.h */,
				CE4CFDFF1ECB4D2700E59524 /* ShareValue.m */,
				CE343ECF1ECA9DAC00C8E31B /* Views */,
				C7E0DBF41EC1A1C9008ED063 /* Controllers */,
			);
			path = Tools;
			sourceTree = "<group>";
		};
		C7E0DBF41EC1A1C9008ED063 /* Controllers */ = {
			isa = PBXGroup;
			children = (
				C7E0DC001EC1A5F8008ED063 /* BaseViewController.h */,
				C7E0DC011EC1A5F8008ED063 /* BaseViewController.m */,
				CE3A6C9F1EC9A87400D7D9D5 /* HideTabSuperVC.h */,
				CE3A6CA01EC9A87400D7D9D5 /* HideTabSuperVC.m */,
				CE3A6CA11EC9A87400D7D9D5 /* ShowTabSuperVC.h */,
				CE3A6CA21EC9A87400D7D9D5 /* ShowTabSuperVC.m */,
			);
			path = Controllers;
			sourceTree = "<group>";
		};
		C7E0DBF51EC1A1C9008ED063 /* Views */ = {
			isa = PBXGroup;
			children = (
				C79C99441EC5952300258CF1 /* UserView */,
				CE9C51531EC49C2C004A7611 /* ListView */,
				C78138AC1EC2E77000A124B7 /* MainView */,
			);
			path = Views;
			sourceTree = "<group>";
		};
		C7E0DC081EC1A647008ED063 /* LoginHomeVC */ = {
			isa = PBXGroup;
			children = (
				C7E0DC091EC1A65C008ED063 /* LoginHomeVC.h */,
				C7E0DC0A1EC1A65C008ED063 /* LoginHomeVC.m */,
				C7E0DC0B1EC1A65C008ED063 /* LoginHomeVC.xib */,
				C7E0DC0E1EC1AD55008ED063 /* PhoneLoginVC.h */,
				C7E0DC0F1EC1AD55008ED063 /* PhoneLoginVC.m */,
				C7E0DC101EC1AD55008ED063 /* PhoneLoginVC.xib */,
			);
			path = LoginHomeVC;
			sourceTree = "<group>";
		};
		C7E0DC131EC1AEAE008ED063 /* MainHomeVC */ = {
			isa = PBXGroup;
			children = (
				C7E0DC171EC1AF18008ED063 /* MainHomeVC.h */,
				C7E0DC181EC1AF18008ED063 /* MainHomeVC.m */,
				C7E0DC191EC1AF18008ED063 /* MainHomeVC.xib */,
			);
			path = MainHomeVC;
			sourceTree = "<group>";
		};
		C7E0DC141EC1AEEC008ED063 /* ListHomeVC */ = {
			isa = PBXGroup;
			children = (
				C7E0DC1C1EC1AF2D008ED063 /* ListHomeVC.h */,
				C7E0DC1D1EC1AF2D008ED063 /* ListHomeVC.m */,
				C7E0DC1E1EC1AF2D008ED063 /* ListHomeVC.xib */,
				C7621D141EC43F0C00980058 /* ListBaseVC.h */,
				C7621D151EC43F0C00980058 /* ListBaseVC.m */,
				C7621D161EC43F0C00980058 /* ListBaseVC.xib */,
				CE9C515E1EC4B6E0004A7611 /* ListCollectionVC.h */,
				CE9C515F1EC4B6E0004A7611 /* ListCollectionVC.m */,
				CE9C51601EC4B6E0004A7611 /* ListCollectionVC.xib */,
			);
			path = ListHomeVC;
			sourceTree = "<group>";
		};
		C7E0DC161EC1AEEC008ED063 /* UserHomeVC */ = {
			isa = PBXGroup;
			children = (
				C7E0DC211EC1AF48008ED063 /* UserHomeVC.h */,
				C7E0DC221EC1AF48008ED063 /* UserHomeVC.m */,
				C7E0DC231EC1AF48008ED063 /* UserHomeVC.xib */,
				CE3A6CA51EC9A97300D7D9D5 /* UserSetVC.h */,
				CE3A6CA61EC9A97300D7D9D5 /* UserSetVC.m */,
				CE3A6CA71EC9A97300D7D9D5 /* UserSetVC.xib */,
			);
			path = UserHomeVC;
			sourceTree = "<group>";
		};
		CA950E019092A6EE264A0A75 /* Frameworks */ = {
			isa = PBXGroup;
			children = (
				5315943D58AFCAE8E122A7A7 /* libPods-trafficPolice.a */,
			);
			name = Frameworks;
			sourceTree = "<group>";
		};
		CE343ECF1ECA9DAC00C8E31B /* Views */ = {
			isa = PBXGroup;
			children = (
				CE343ED01ECA9DB900C8E31B /* LRPlaceholderView.h */,
				CE343ED11ECA9DB900C8E31B /* LRPlaceholderView.m */,
			);
			path = Views;
			sourceTree = "<group>";
		};
		CE3A6C821EC9822A00D7D9D5 /* XBSettingController */ = {
			isa = PBXGroup;
			children = (
				CE3A6C831EC9822A00D7D9D5 /* Category */,
				CE3A6C861EC9822A00D7D9D5 /* Const */,
				CE3A6C881EC9822A00D7D9D5 /* Model */,
				CE3A6C8D1EC9822A00D7D9D5 /* View */,
			);
			path = XBSettingController;
			sourceTree = "<group>";
		};
		CE3A6C831EC9822A00D7D9D5 /* Category */ = {
			isa = PBXGroup;
			children = (
				CE3A6C841EC9822A00D7D9D5 /* UIView+XBExtension.h */,
				CE3A6C851EC9822A00D7D9D5 /* UIView+XBExtension.m */,
			);
			path = Category;
			sourceTree = "<group>";
		};
		CE3A6C861EC9822A00D7D9D5 /* Const */ = {
			isa = PBXGroup;
			children = (
				CE3A6C871EC9822A00D7D9D5 /* XBConst.h */,
			);
			path = Const;
			sourceTree = "<group>";
		};
		CE3A6C881EC9822A00D7D9D5 /* Model */ = {
			isa = PBXGroup;
			children = (
				CE3A6C891EC9822A00D7D9D5 /* XBSettingItemModel.h */,
				CE3A6C8A1EC9822A00D7D9D5 /* XBSettingItemModel.m */,
				CE3A6C8B1EC9822A00D7D9D5 /* XBSettingSectionModel.h */,
				CE3A6C8C1EC9822A00D7D9D5 /* XBSettingSectionModel.m */,
			);
			path = Model;
			sourceTree = "<group>";
		};
		CE3A6C8D1EC9822A00D7D9D5 /* View */ = {
			isa = PBXGroup;
			children = (
				CE3A6C8E1EC9822A00D7D9D5 /* XBMeHeaderView.h */,
				CE3A6C8F1EC9822A00D7D9D5 /* XBMeHeaderView.m */,
				CE3A6C901EC9822A00D7D9D5 /* XBMeHeaderView.xib */,
				CE3A6C911EC9822A00D7D9D5 /* XBSettingCell.h */,
				CE3A6C921EC9822A00D7D9D5 /* XBSettingCell.m */,
			);
			path = View;
			sourceTree = "<group>";
		};
		CE4CFE041ECB597400E59524 /* LRCountDownButton */ = {
			isa = PBXGroup;
			children = (
				CE4CFE051ECB599C00E59524 /* LRCountDownButton.h */,
				CE4CFE061ECB599C00E59524 /* LRCountDownButton.m */,
			);
			path = LRCountDownButton;
			sourceTree = "<group>";
		};
		CE9C51531EC49C2C004A7611 /* ListView */ = {
			isa = PBXGroup;
			children = (
				CE9C51541EC49C48004A7611 /* ListTableCell.h */,
				CE9C51551EC49C48004A7611 /* ListTableCell.m */,
				CE9C51561EC49C48004A7611 /* ListTableCell.xib */,
				CE9C51631EC4BA65004A7611 /* ListCollectionCell.h */,
				CE9C51641EC4BA65004A7611 /* ListCollectionCell.m */,
				CE9C51651EC4BA65004A7611 /* ListCollectionCell.xib */,
			);
			path = ListView;
			sourceTree = "<group>";
		};
		DDA5B09086610B74175F0DDB /* Pods */ = {
			isa = PBXGroup;
			children = (
				90CAB9E901A1BC58DFB058D5 /* Pods-trafficPolice.debug.xcconfig */,
				70C9B4FC58051EEBD5942638 /* Pods-trafficPolice.release.xcconfig */,
			);
			name = Pods;
			sourceTree = "<group>";
		};
/* End PBXGroup section */

/* Begin PBXNativeTarget section */
		C7E0DB831EC15DBA008ED063 /* trafficPolice */ = {
			isa = PBXNativeTarget;
			buildConfigurationList = C7E0DB9B1EC15DBA008ED063 /* Build configuration list for PBXNativeTarget "trafficPolice" */;
			buildPhases = (
				7BFCF1D8D172E4B08A6E8409 /* [CP] Check Pods Manifest.lock */,
				C7E0DB801EC15DBA008ED063 /* Sources */,
				C7E0DB811EC15DBA008ED063 /* Frameworks */,
				C7E0DB821EC15DBA008ED063 /* Resources */,
				289DAE686F1B0440AF8DCBFB /* [CP] Embed Pods Frameworks */,
				F74F63D5F337227E028CA009 /* [CP] Copy Pods Resources */,
			);
			buildRules = (
			);
			dependencies = (
			);
			name = trafficPolice;
			productName = trafficPolice;
			productReference = C7E0DB841EC15DBA008ED063 /* trafficPolice.app */;
			productType = "com.apple.product-type.application";
		};
/* End PBXNativeTarget section */

/* Begin PBXProject section */
		C7E0DB7C1EC15DBA008ED063 /* Project object */ = {
			isa = PBXProject;
			attributes = {
				LastUpgradeCheck = 0830;
				ORGANIZATIONNAME = Degal;
				TargetAttributes = {
					C7E0DB831EC15DBA008ED063 = {
						CreatedOnToolsVersion = 8.3.2;
						DevelopmentTeam = XYWLXM32EU;
						ProvisioningStyle = Automatic;
					};
				};
			};
			buildConfigurationList = C7E0DB7F1EC15DBA008ED063 /* Build configuration list for PBXProject "trafficPolice" */;
			compatibilityVersion = "Xcode 3.2";
			developmentRegion = English;
			hasScannedForEncodings = 0;
			knownRegions = (
				en,
				Base,
			);
			mainGroup = C7E0DB7B1EC15DBA008ED063;
			productRefGroup = C7E0DB851EC15DBA008ED063 /* Products */;
			projectDirPath = "";
			projectRoot = "";
			targets = (
				C7E0DB831EC15DBA008ED063 /* trafficPolice */,
			);
		};
/* End PBXProject section */

/* Begin PBXResourcesBuildPhase section */
		C7E0DB821EC15DBA008ED063 /* Resources */ = {
			isa = PBXResourcesBuildPhase;
			buildActionMask = 2147483647;
			files = (
				C7E0DC251EC1AF48008ED063 /* UserHomeVC.xib in Resources */,
				C7E0DB941EC15DBA008ED063 /* Assets.xcassets in Resources */,
				CE3A6CA91EC9A97300D7D9D5 /* UserSetVC.xib in Resources */,
				C7E0DC121EC1AD55008ED063 /* PhoneLoginVC.xib in Resources */,
				CE3A6C971EC9822A00D7D9D5 /* XBMeHeaderView.xib in Resources */,
				C7621D181EC43F0C00980058 /* ListBaseVC.xib in Resources */,
				C79C99491EC5959000258CF1 /* UserReusableView.xib in Resources */,
				CE9C51621EC4B6E0004A7611 /* ListCollectionVC.xib in Resources */,
				C7E0DC0D1EC1A65C008ED063 /* LoginHomeVC.xib in Resources */,
				CE9C51581EC49C48004A7611 /* ListTableCell.xib in Resources */,
				CE9C51671EC4BA65004A7611 /* ListCollectionCell.xib in Resources */,
				C79C994E1EC595AE00258CF1 /* UserHomeCell.xib in Resources */,
				C7E0DC201EC1AF2D008ED063 /* ListHomeVC.xib in Resources */,
				C7E0DBF81EC1A1C9008ED063 /* AKTabBarController.bundle in Resources */,
				C7E0DC1B1EC1AF18008ED063 /* MainHomeVC.xib in Resources */,
				C78138B11EC2E79E00A124B7 /* MainHomeCell.xib in Resources */,
			);
			runOnlyForDeploymentPostprocessing = 0;
		};
/* End PBXResourcesBuildPhase section */

/* Begin PBXShellScriptBuildPhase section */
		289DAE686F1B0440AF8DCBFB /* [CP] Embed Pods Frameworks */ = {
			isa = PBXShellScriptBuildPhase;
			buildActionMask = 2147483647;
			files = (
			);
			inputPaths = (
			);
			name = "[CP] Embed Pods Frameworks";
			outputPaths = (
			);
			runOnlyForDeploymentPostprocessing = 0;
			shellPath = /bin/sh;
			shellScript = "\"${SRCROOT}/Pods/Target Support Files/Pods-trafficPolice/Pods-trafficPolice-frameworks.sh\"\n";
			showEnvVarsInLog = 0;
		};
		7BFCF1D8D172E4B08A6E8409 /* [CP] Check Pods Manifest.lock */ = {
			isa = PBXShellScriptBuildPhase;
			buildActionMask = 2147483647;
			files = (
			);
			inputPaths = (
			);
			name = "[CP] Check Pods Manifest.lock";
			outputPaths = (
			);
			runOnlyForDeploymentPostprocessing = 0;
			shellPath = /bin/sh;
			shellScript = "diff \"${PODS_PODFILE_DIR_PATH}/Podfile.lock\" \"${PODS_ROOT}/Manifest.lock\" > /dev/null\nif [ $? != 0 ] ; then\n    # print error to STDERR\n    echo \"error: The sandbox is not in sync with the Podfile.lock. Run 'pod install' or update your CocoaPods installation.\" >&2\n    exit 1\nfi\n";
			showEnvVarsInLog = 0;
		};
		F74F63D5F337227E028CA009 /* [CP] Copy Pods Resources */ = {
			isa = PBXShellScriptBuildPhase;
			buildActionMask = 2147483647;
			files = (
			);
			inputPaths = (
			);
			name = "[CP] Copy Pods Resources";
			outputPaths = (
			);
			runOnlyForDeploymentPostprocessing = 0;
			shellPath = /bin/sh;
			shellScript = "\"${SRCROOT}/Pods/Target Support Files/Pods-trafficPolice/Pods-trafficPolice-resources.sh\"\n";
			showEnvVarsInLog = 0;
		};
/* End PBXShellScriptBuildPhase section */

/* Begin PBXSourcesBuildPhase section */
		C7E0DB801EC15DBA008ED063 /* Sources */ = {
			isa = PBXSourcesBuildPhase;
			buildActionMask = 2147483647;
			files = (
				C7E0DBF61EC1A1C9008ED063 /* AKTab.m in Sources */,
				C7E0DC021EC1A5F8008ED063 /* BaseViewController.m in Sources */,
				CE3A6C951EC9822A00D7D9D5 /* XBSettingSectionModel.m in Sources */,
				C7E0DC1F1EC1AF2D008ED063 /* ListHomeVC.m in Sources */,
				CE3A6CA81EC9A97300D7D9D5 /* UserSetVC.m in Sources */,
				CE4CFE001ECB4D2700E59524 /* ShareValue.m in Sources */,
				CE3A6CA41EC9A87400D7D9D5 /* ShowTabSuperVC.m in Sources */,
				CE3A6CA31EC9A87400D7D9D5 /* HideTabSuperVC.m in Sources */,
				C7E0DC111EC1AD55008ED063 /* PhoneLoginVC.m in Sources */,
				CE3A6C9E1EC9A6E300D7D9D5 /* UINavigationBar+BarItem.m in Sources */,
				C7621D0F1EC4192C00980058 /* UIButton+NoRepeatClick.m in Sources */,
				CE3A6C931EC9822A00D7D9D5 /* UIView+XBExtension.m in Sources */,
				CE3A6C941EC9822A00D7D9D5 /* XBSettingItemModel.m in Sources */,
				CE9C51611EC4B6E0004A7611 /* ListCollectionVC.m in Sources */,
				CE343ED21ECA9DB900C8E31B /* LRPlaceholderView.m in Sources */,
				C7E0DC241EC1AF48008ED063 /* UserHomeVC.m in Sources */,
				C7E0DB8C1EC15DBA008ED063 /* AppDelegate.m in Sources */,
				C7E0DBFC1EC1A1C9008ED063 /* UIViewController+AKTabBarController.m in Sources */,
				CE4CFE031ECB57B900E59524 /* NSTimer+UnRetain.m in Sources */,
				CE4CFE071ECB599C00E59524 /* LRCountDownButton.m in Sources */,
				CE3A6C961EC9822A00D7D9D5 /* XBMeHeaderView.m in Sources */,
				C7621D0C1EC413A300980058 /* NSObject+Swizzling.m in Sources */,
				C7621D131EC43CD400980058 /* LRPageMenu.m in Sources */,
				C78138B01EC2E79E00A124B7 /* MainHomeCell.m in Sources */,
				CE3A6C981EC9822A00D7D9D5 /* XBSettingCell.m in Sources */,
				C7E0DBFA1EC1A1C9008ED063 /* AKTabBarView.m in Sources */,
				C79C994D1EC595AE00258CF1 /* UserHomeCell.m in Sources */,
				C7D690981EC3038500E9A6B3 /* LRRippleButton.m in Sources */,
				C79C99481EC5959000258CF1 /* UserReusableView.m in Sources */,
				C7E0DC1A1EC1AF18008ED063 /* MainHomeVC.m in Sources */,
				C7E0DBF91EC1A1C9008ED063 /* AKTabBarController.m in Sources */,
				C7E0DB891EC15DBA008ED063 /* main.m in Sources */,
				C7E0DBF71EC1A1C9008ED063 /* AKTabBar.m in Sources */,
				C7621D171EC43F0C00980058 /* ListBaseVC.m in Sources */,
				CE9C51571EC49C48004A7611 /* ListTableCell.m in Sources */,
				CE343ECB1ECA8DC100C8E31B /* UITableView+Lr_Placeholder.m in Sources */,
				C72B56C91EC30BD6002523DE /* MainCellButton.m in Sources */,
				C7E0DBFB1EC1A1C9008ED063 /* UINavigationController+AKTabBarController.m in Sources */,
				C79C99421EC58A1F00258CF1 /* DisplayHelper.m in Sources */,
				C78138AA1EC2C29300A124B7 /* ImagePlayerView.m in Sources */,
				C7621D1B1EC44D2800980058 /* UINavigationBar+Awesome.m in Sources */,
				CE343ED51ECAE2D000C8E31B /* UICollectionView+Lr_Placeholder.m in Sources */,
				CE4CFDFD1ECB47EA00E59524 /* ShareFun.m in Sources */,
				C7E0DC0C1EC1A65C008ED063 /* LoginHomeVC.m in Sources */,
				CE9C51661EC4BA65004A7611 /* ListCollectionCell.m in Sources */,
			);
			runOnlyForDeploymentPostprocessing = 0;
		};
/* End PBXSourcesBuildPhase section */

/* Begin XCBuildConfiguration section */
		C7E0DB991EC15DBA008ED063 /* Debug */ = {
			isa = XCBuildConfiguration;
			buildSettings = {
				ALWAYS_SEARCH_USER_PATHS = NO;
				CLANG_ANALYZER_NONNULL = YES;
				CLANG_ANALYZER_NUMBER_OBJECT_CONVERSION = YES_AGGRESSIVE;
				CLANG_CXX_LANGUAGE_STANDARD = "gnu++0x";
				CLANG_CXX_LIBRARY = "libc++";
				CLANG_ENABLE_MODULES = YES;
				CLANG_ENABLE_OBJC_ARC = YES;
				CLANG_WARN_BOOL_CONVERSION = YES;
				CLANG_WARN_CONSTANT_CONVERSION = YES;
				CLANG_WARN_DIRECT_OBJC_ISA_USAGE = YES_ERROR;
				CLANG_WARN_DOCUMENTATION_COMMENTS = YES;
				CLANG_WARN_EMPTY_BODY = YES;
				CLANG_WARN_ENUM_CONVERSION = YES;
				CLANG_WARN_INFINITE_RECURSION = YES;
				CLANG_WARN_INT_CONVERSION = YES;
				CLANG_WARN_OBJC_ROOT_CLASS = YES_ERROR;
				CLANG_WARN_SUSPICIOUS_MOVE = YES;
				CLANG_WARN_UNREACHABLE_CODE = YES;
				CLANG_WARN__DUPLICATE_METHOD_MATCH = YES;
				"CODE_SIGN_IDENTITY[sdk=iphoneos*]" = "iPhone Developer";
				COPY_PHASE_STRIP = NO;
				DEBUG_INFORMATION_FORMAT = dwarf;
				ENABLE_STRICT_OBJC_MSGSEND = YES;
				ENABLE_TESTABILITY = YES;
				GCC_C_LANGUAGE_STANDARD = gnu99;
				GCC_DYNAMIC_NO_PIC = NO;
				GCC_NO_COMMON_BLOCKS = YES;
				GCC_OPTIMIZATION_LEVEL = 0;
				GCC_PREPROCESSOR_DEFINITIONS = (
					"DEBUG=1",
					"$(inherited)",
				);
				GCC_WARN_64_TO_32_BIT_CONVERSION = YES;
				GCC_WARN_ABOUT_RETURN_TYPE = YES_ERROR;
				GCC_WARN_UNDECLARED_SELECTOR = YES;
				GCC_WARN_UNINITIALIZED_AUTOS = YES_AGGRESSIVE;
				GCC_WARN_UNUSED_FUNCTION = YES;
				GCC_WARN_UNUSED_VARIABLE = YES;
				IPHONEOS_DEPLOYMENT_TARGET = 10.3;
				MTL_ENABLE_DEBUG_INFO = YES;
				ONLY_ACTIVE_ARCH = YES;
				SDKROOT = iphoneos;
			};
			name = Debug;
		};
		C7E0DB9A1EC15DBA008ED063 /* Release */ = {
			isa = XCBuildConfiguration;
			buildSettings = {
				ALWAYS_SEARCH_USER_PATHS = NO;
				CLANG_ANALYZER_NONNULL = YES;
				CLANG_ANALYZER_NUMBER_OBJECT_CONVERSION = YES_AGGRESSIVE;
				CLANG_CXX_LANGUAGE_STANDARD = "gnu++0x";
				CLANG_CXX_LIBRARY = "libc++";
				CLANG_ENABLE_MODULES = YES;
				CLANG_ENABLE_OBJC_ARC = YES;
				CLANG_WARN_BOOL_CONVERSION = YES;
				CLANG_WARN_CONSTANT_CONVERSION = YES;
				CLANG_WARN_DIRECT_OBJC_ISA_USAGE = YES_ERROR;
				CLANG_WARN_DOCUMENTATION_COMMENTS = YES;
				CLANG_WARN_EMPTY_BODY = YES;
				CLANG_WARN_ENUM_CONVERSION = YES;
				CLANG_WARN_INFINITE_RECURSION = YES;
				CLANG_WARN_INT_CONVERSION = YES;
				CLANG_WARN_OBJC_ROOT_CLASS = YES_ERROR;
				CLANG_WARN_SUSPICIOUS_MOVE = YES;
				CLANG_WARN_UNREACHABLE_CODE = YES;
				CLANG_WARN__DUPLICATE_METHOD_MATCH = YES;
				"CODE_SIGN_IDENTITY[sdk=iphoneos*]" = "iPhone Developer";
				COPY_PHASE_STRIP = NO;
				DEBUG_INFORMATION_FORMAT = "dwarf-with-dsym";
				ENABLE_NS_ASSERTIONS = NO;
				ENABLE_STRICT_OBJC_MSGSEND = YES;
				GCC_C_LANGUAGE_STANDARD = gnu99;
				GCC_NO_COMMON_BLOCKS = YES;
				GCC_WARN_64_TO_32_BIT_CONVERSION = YES;
				GCC_WARN_ABOUT_RETURN_TYPE = YES_ERROR;
				GCC_WARN_UNDECLARED_SELECTOR = YES;
				GCC_WARN_UNINITIALIZED_AUTOS = YES_AGGRESSIVE;
				GCC_WARN_UNUSED_FUNCTION = YES;
				GCC_WARN_UNUSED_VARIABLE = YES;
				IPHONEOS_DEPLOYMENT_TARGET = 10.3;
				MTL_ENABLE_DEBUG_INFO = NO;
				SDKROOT = iphoneos;
				VALIDATE_PRODUCT = YES;
			};
			name = Release;
		};
		C7E0DB9C1EC15DBA008ED063 /* Debug */ = {
			isa = XCBuildConfiguration;
			baseConfigurationReference = 90CAB9E901A1BC58DFB058D5 /* Pods-trafficPolice.debug.xcconfig */;
			buildSettings = {
				ASSETCATALOG_COMPILER_APPICON_NAME = AppIcon;
				ASSETCATALOG_COMPILER_LAUNCHIMAGE_NAME = LaunchImage;
				DEVELOPMENT_TEAM = XYWLXM32EU;
				GCC_PREFIX_HEADER = "$(SRCROOT)/$(PROJECT_NAME)/trafficPolice.pch";
				INFOPLIST_FILE = trafficPolice/Info.plist;
				IPHONEOS_DEPLOYMENT_TARGET = 8.0;
				LD_RUNPATH_SEARCH_PATHS = "$(inherited) @executable_path/Frameworks";
				PRODUCT_BUNDLE_IDENTIFIER = com.Degal.trafficPolice;
				PRODUCT_NAME = "$(TARGET_NAME)";
			};
			name = Debug;
		};
		C7E0DB9D1EC15DBA008ED063 /* Release */ = {
			isa = XCBuildConfiguration;
			baseConfigurationReference = 70C9B4FC58051EEBD5942638 /* Pods-trafficPolice.release.xcconfig */;
			buildSettings = {
				ASSETCATALOG_COMPILER_APPICON_NAME = AppIcon;
				ASSETCATALOG_COMPILER_LAUNCHIMAGE_NAME = LaunchImage;
				DEVELOPMENT_TEAM = XYWLXM32EU;
				GCC_PREFIX_HEADER = "$(SRCROOT)/$(PROJECT_NAME)/trafficPolice.pch";
				INFOPLIST_FILE = trafficPolice/Info.plist;
				IPHONEOS_DEPLOYMENT_TARGET = 8.0;
				LD_RUNPATH_SEARCH_PATHS = "$(inherited) @executable_path/Frameworks";
				PRODUCT_BUNDLE_IDENTIFIER = com.Degal.trafficPolice;
				PRODUCT_NAME = "$(TARGET_NAME)";
			};
			name = Release;
		};
/* End XCBuildConfiguration section */

/* Begin XCConfigurationList section */
		C7E0DB7F1EC15DBA008ED063 /* Build configuration list for PBXProject "trafficPolice" */ = {
			isa = XCConfigurationList;
			buildConfigurations = (
				C7E0DB991EC15DBA008ED063 /* Debug */,
				C7E0DB9A1EC15DBA008ED063 /* Release */,
			);
			defaultConfigurationIsVisible = 0;
			defaultConfigurationName = Release;
		};
		C7E0DB9B1EC15DBA008ED063 /* Build configuration list for PBXNativeTarget "trafficPolice" */ = {
			isa = XCConfigurationList;
			buildConfigurations = (
				C7E0DB9C1EC15DBA008ED063 /* Debug */,
				C7E0DB9D1EC15DBA008ED063 /* Release */,
			);
			defaultConfigurationIsVisible = 0;
			defaultConfigurationName = Release;
		};
/* End XCConfigurationList section */
	};
	rootObject = C7E0DB7C1EC15DBA008ED063 /* Project object */;
}
